// !$*UTF8*$!
{
	archiveVersion = 1;
	classes = {
	};
	objectVersion = 46;
	objects = {

/* Begin PBXBuildFile section */
		ED6A7FEE19C4A49100D1A0EB /* AppDelegate.swift in Sources */ = {isa = PBXBuildFile; fileRef = ED6A7FED19C4A49100D1A0EB /* AppDelegate.swift */; };
		ED6A7FF019C4A49100D1A0EB /* ViewController.swift in Sources */ = {isa = PBXBuildFile; fileRef = ED6A7FEF19C4A49100D1A0EB /* ViewController.swift */; };
		ED6A7FF319C4A49100D1A0EB /* Main.storyboard in Resources */ = {isa = PBXBuildFile; fileRef = ED6A7FF119C4A49100D1A0EB /* Main.storyboard */; };
		ED6A7FF519C4A49100D1A0EB /* Images.xcassets in Resources */ = {isa = PBXBuildFile; fileRef = ED6A7FF419C4A49100D1A0EB /* Images.xcassets */; };
		ED6A7FF819C4A49100D1A0EB /* LaunchScreen.xib in Resources */ = {isa = PBXBuildFile; fileRef = ED6A7FF619C4A49100D1A0EB /* LaunchScreen.xib */; };
		ED6A800419C4A49100D1A0EB /* PostcardTests.swift in Sources */ = {isa = PBXBuildFile; fileRef = ED6A800319C4A49100D1A0EB /* PostcardTests.swift */; };
		ED6A800F19C5C69800D1A0EB /* AlbertEinsteinStamp.jpg in Resources */ = {isa = PBXBuildFile; fileRef = ED6A800D19C5C69800D1A0EB /* AlbertEinsteinStamp.jpg */; };
		ED6A801019C5C69800D1A0EB /* SagradaFamilia.jpeg in Resources */ = {isa = PBXBuildFile; fileRef = ED6A800E19C5C69800D1A0EB /* SagradaFamilia.jpeg */; };
/* End PBXBuildFile section */

/* Begin PBXContainerItemProxy section */
		ED6A7FFE19C4A49100D1A0EB /* PBXContainerItemProxy */ = {
			isa = PBXContainerItemProxy;
			containerPortal = ED6A7FE019C4A49100D1A0EB /* Project object */;
			proxyType = 1;
			remoteGlobalIDString = ED6A7FE719C4A49100D1A0EB;
			remoteInfo = Postcard;
		};
/* End PBXContainerItemProxy section */

/* Begin PBXFileReference section */
		ED6A7FE819C4A49100D1A0EB /* Postcard.app */ = {isa = PBXFileReference; explicitFileType = wrapper.application; includeInIndex = 0; path = Postcard.app; sourceTree = BUILT_PRODUCTS_DIR; };
		ED6A7FEC19C4A49100D1A0EB /* Info.plist */ = {isa = PBXFileReference; lastKnownFileType = text.plist.xml; path = Info.plist; sourceTree = "<group>"; };
		ED6A7FED19C4A49100D1A0EB /* AppDelegate.swift */ = {isa = PBXFileReference; lastKnownFileType = sourcecode.swift; path = AppDelegate.swift; sourceTree = "<group>"; };
		ED6A7FEF19C4A49100D1A0EB /* ViewController.swift */ = {isa = PBXFileReference; lastKnownFileType = sourcecode.swift; path = ViewController.swift; sourceTree = "<group>"; };
		ED6A7FF219C4A49100D1A0EB /* Base */ = {isa = PBXFileReference; lastKnownFileType = file.storyboard; name = Base; path = Base.lproj/Main.storyboard; sourceTree = "<group>"; };
		ED6A7FF419C4A49100D1A0EB /* Images.xcassets */ = {isa = PBXFileReference; lastKnownFileType = folder.assetcatalog; path = Images.xcassets; sourceTree = "<group>"; };
		ED6A7FF719C4A49100D1A0EB /* Base */ = {isa = PBXFileReference; lastKnownFileType = file.xib; name = Base; path = Base.lproj/LaunchScreen.xib; sourceTree = "<group>"; };
		ED6A7FFD19C4A49100D1A0EB /* PostcardTests.xctest */ = {isa = PBXFileReference; explicitFileType = wrapper.cfbundle; includeInIndex = 0; path = PostcardTests.xctest; sourceTree = BUILT_PRODUCTS_DIR; };
		ED6A800219C4A49100D1A0EB /* Info.plist */ = {isa = PBXFileReference; lastKnownFileType = text.plist.xml; path = Info.plist; sourceTree = "<group>"; };
		ED6A800319C4A49100D1A0EB /* PostcardTests.swift */ = {isa = PBXFileReference; lastKnownFileType = sourcecode.swift; path = PostcardTests.swift; sourceTree = "<group>"; };
		ED6A800D19C5C69800D1A0EB /* AlbertEinsteinStamp.jpg */ = {isa = PBXFileReference; lastKnownFileType = image.jpeg; path = AlbertEinsteinStamp.jpg; sourceTree = "<group>"; };
		ED6A800E19C5C69800D1A0EB /* SagradaFamilia.jpeg */ = {isa = PBXFileReference; lastKnownFileType = image.jpeg; path = SagradaFamilia.jpeg; sourceTree = "<group>"; };
/* End PBXFileReference section */

/* Begin PBXFrameworksBuildPhase section */
		ED6A7FE519C4A49100D1A0EB /* Frameworks */ = {
			isa = PBXFrameworksBuildPhase;
			buildActionMask = 2147483647;
			files = (
			);
			runOnlyForDeploymentPostprocessing = 0;
		};
		ED6A7FFA19C4A49100D1A0EB /* Frameworks */ = {
			isa = PBXFrameworksBuildPhase;
			buildActionMask = 2147483647;
			files = (
			);
			runOnlyForDeploymentPostprocessing = 0;
		};
/* End PBXFrameworksBuildPhase section */

/* Begin PBXGroup section */
		ED6A7FDF19C4A49100D1A0EB = {
			isa = PBXGroup;
			children = (
				ED6A7FEA19C4A49100D1A0EB /* Postcard */,
				ED6A800019C4A49100D1A0EB /* PostcardTests */,
				ED6A7FE919C4A49100D1A0EB /* Products */,
			);
			sourceTree = "<group>";
		};
		ED6A7FE919C4A49100D1A0EB /* Products */ = {
			isa = PBXGroup;
			children = (
				ED6A7FE819C4A49100D1A0EB /* Postcard.app */,
				ED6A7FFD19C4A49100D1A0EB /* PostcardTests.xctest */,
			);
			name = Products;
			sourceTree = "<group>";
		};
		ED6A7FEA19C4A49100D1A0EB /* Postcard */ = {
			isa = PBXGroup;
			children = (
				ED6A7FED19C4A49100D1A0EB /* AppDelegate.swift */,
				ED6A7FEF19C4A49100D1A0EB /* ViewController.swift */,
				ED6A7FF119C4A49100D1A0EB /* Main.storyboard */,
				ED6A7FF419C4A49100D1A0EB /* Images.xcassets */,
				ED6A7FF619C4A49100D1A0EB /* LaunchScreen.xib */,
				ED6A7FEB19C4A49100D1A0EB /* Supporting Files */,
			);
			path = Postcard;
			sourceTree = "<group>";
		};
		ED6A7FEB19C4A49100D1A0EB /* Supporting Files */ = {
			isa = PBXGroup;
			children = (
				ED6A800D19C5C69800D1A0EB /* AlbertEinsteinStamp.jpg */,
				ED6A800E19C5C69800D1A0EB /* SagradaFamilia.jpeg */,
				ED6A7FEC19C4A49100D1A0EB /* Info.plist */,
			);
			name = "Supporting Files";
			sourceTree = "<group>";
		};
		ED6A800019C4A49100D1A0EB /* PostcardTests */ = {
			isa = PBXGroup;
			children = (
				ED6A800319C4A49100D1A0EB /* PostcardTests.swift */,
				ED6A800119C4A49100D1A0EB /* Supporting Files */,
			);
			path = PostcardTests;
			sourceTree = "<group>";
		};
		ED6A800119C4A49100D1A0EB /* Supporting Files */ = {
			isa = PBXGroup;
			children = (
				ED6A800219C4A49100D1A0EB /* Info.plist */,
			);
			name = "Supporting Files";
			sourceTree = "<group>";
		};
/* End PBXGroup section */

/* Begin PBXNativeTarget section */
		ED6A7FE719C4A49100D1A0EB /* Postcard */ = {
			isa = PBXNativeTarget;
			buildConfigurationList = ED6A800719C4A49100D1A0EB /* Build configuration list for PBXNativeTarget "Postcard" */;
			buildPhases = (
				ED6A7FE419C4A49100D1A0EB /* Sources */,
				ED6A7FE519C4A49100D1A0EB /* Frameworks */,
				ED6A7FE619C4A49100D1A0EB /* Resources */,
			);
			buildRules = (
			);
			dependencies = (
			);
			name = Postcard;
			productName = Postcard;
			productReference = ED6A7FE819C4A49100D1A0EB /* Postcard.app */;
			productType = "com.apple.product-type.application";
		};
		ED6A7FFC19C4A49100D1A0EB /* PostcardTests */ = {
			isa = PBXNativeTarget;
			buildConfigurationList = ED6A800A19C4A49100D1A0EB /* Build configuration list for PBXNativeTarget "PostcardTests" */;
			buildPhases = (
				ED6A7FF919C4A49100D1A0EB /* Sources */,
				ED6A7FFA19C4A49100D1A0EB /* Frameworks */,
				ED6A7FFB19C4A49100D1A0EB /* Resources */,
			);
			buildRules = (
			);
			dependencies = (
				ED6A7FFF19C4A49100D1A0EB /* PBXTargetDependency */,
			);
			name = PostcardTests;
			productName = PostcardTests;
			productReference = ED6A7FFD19C4A49100D1A0EB /* PostcardTests.xctest */;
			productType = "com.apple.product-type.bundle.unit-test";
		};
/* End PBXNativeTarget section */

/* Begin PBXProject section */
		ED6A7FE019C4A49100D1A0EB /* Project object */ = {
			isa = PBXProject;
			attributes = {
				LastUpgradeCheck = 0600;
				ORGANIZATIONNAME = littlebigapps;
				TargetAttributes = {
					ED6A7FE719C4A49100D1A0EB = {
						CreatedOnToolsVersion = 6.0;
					};
					ED6A7FFC19C4A49100D1A0EB = {
						CreatedOnToolsVersion = 6.0;
						TestTargetID = ED6A7FE719C4A49100D1A0EB;
					};
				};
			};
			buildConfigurationList = ED6A7FE319C4A49100D1A0EB /* Build configuration list for PBXProject "Postcard" */;
			compatibilityVersion = "Xcode 3.2";
			developmentRegion = English;
			hasScannedForEncodings = 0;
			knownRegions = (
				en,
				Base,
			);
			mainGroup = ED6A7FDF19C4A49100D1A0EB;
			productRefGroup = ED6A7FE919C4A49100D1A0EB /* Products */;
			projectDirPath = "";
			projectRoot = "";
			targets = (
				ED6A7FE719C4A49100D1A0EB /* Postcard */,
				ED6A7FFC19C4A49100D1A0EB /* PostcardTests */,
			);
		};
/* End PBXProject section */

/* Begin PBXResourcesBuildPhase section */
		ED6A7FE619C4A49100D1A0EB /* Resources */ = {
			isa = PBXResourcesBuildPhase;
			buildActionMask = 2147483647;
			files = (
				ED6A800F19C5C69800D1A0EB /* AlbertEinsteinStamp.jpg in Resources */,
				ED6A7FF319C4A49100D1A0EB /* Main.storyboard in Resources */,
				ED6A7FF819C4A49100D1A0EB /* LaunchScreen.xib in Resources */,
				ED6A7FF519C4A49100D1A0EB /* Images.xcassets in Resources */,
				ED6A801019C5C69800D1A0EB /* SagradaFamilia.jpeg in Resources */,
			);
			runOnlyForDeploymentPostprocessing = 0;
		};
		ED6A7FFB19C4A49100D1A0EB /* Resources */ = {
			isa = PBXResourcesBuildPhase;
			buildActionMask = 2147483647;
			files = (
			);
			runOnlyForDeploymentPostprocessing = 0;
		};
/* End PBXResourcesBuildPhase section */

/* Begin PBXSourcesBuildPhase section */
		ED6A7FE419C4A49100D1A0EB /* Sources */ = {
			isa = PBXSourcesBuildPhase;
			buildActionMask = 2147483647;
			files = (
				ED6A7FF019C4A49100D1A0EB /* ViewController.swift in Sources */,
				ED6A7FEE19C4A49100D1A0EB /* AppDelegate.swift in Sources */,
			);
			runOnlyForDeploymentPostprocessing = 0;
		};
		ED6A7FF919C4A49100D1A0EB /* Sources */ = {
			isa = PBXSourcesBuildPhase;
			buildActionMask = 2147483647;
			files = (
				ED6A800419C4A49100D1A0EB /* PostcardTests.swift in Sources */,
			);
			runOnlyForDeploymentPostprocessing = 0;
		};
/* End PBXSourcesBuildPhase section */

/* Begin PBXTargetDependency section */
		ED6A7FFF19C4A49100D1A0EB /* PBXTargetDependency */ = {
			isa = PBXTargetDependency;
			target = ED6A7FE719C4A49100D1A0EB /* Postcard */;
			targetProxy = ED6A7FFE19C4A49100D1A0EB /* PBXContainerItemProxy */;
		};
/* End PBXTargetDependency section */

/* Begin PBXVariantGroup section */
		ED6A7FF119C4A49100D1A0EB /* Main.storyboard */ = {
			isa = PBXVariantGroup;
			children = (
				ED6A7FF219C4A49100D1A0EB /* Base */,
			);
			name = Main.storyboard;
			sourceTree = "<group>";
		};
		ED6A7FF619C4A49100D1A0EB /* LaunchScreen.xib */ = {
			isa = PBXVariantGroup;
			children = (
				ED6A7FF719C4A49100D1A0EB /* Base */,
			);
			name = LaunchScreen.xib;
			sourceTree = "<group>";
		};
/* End PBXVariantGroup section */

/* Begin XCBuildConfiguration section */
		ED6A800519C4A49100D1A0EB /* Debug */ = {
			isa = XCBuildConfiguration;
			buildSettings = {
				ALWAYS_SEARCH_USER_PATHS = NO;
				CLANG_CXX_LANGUAGE_STANDARD = "gnu++0x";
				CLANG_CXX_LIBRARY = "libc++";
				CLANG_ENABLE_MODULES = YES;
				CLANG_ENABLE_OBJC_ARC = YES;
				CLANG_WARN_BOOL_CONVERSION = YES;
				CLANG_WARN_CONSTANT_CONVERSION = YES;
				CLANG_WARN_DIRECT_OBJC_ISA_USAGE = YES_ERROR;
				CLANG_WARN_EMPTY_BODY = YES;
				CLANG_WARN_ENUM_CONVERSION = YES;
				CLANG_WARN_INT_CONVERSION = YES;
				CLANG_WARN_OBJC_ROOT_CLASS = YES_ERROR;
				CLANG_WARN_UNREACHABLE_CODE = YES;
				CLANG_WARN__DUPLICATE_METHOD_MATCH = YES;
				"CODE_SIGN_IDENTITY[sdk=iphoneos*]" = "iPhone Developer";
				COPY_PHASE_STRIP = NO;
				ENABLE_STRICT_OBJC_MSGSEND = YES;
				GCC_C_LANGUAGE_STANDARD = gnu99;
				GCC_DYNAMIC_NO_PIC = NO;
				GCC_OPTIMIZATION_LEVEL = 0;
				GCC_PREPROCESSOR_DEFINITIONS = (
					"DEBUG=1",
					"$(inherited)",
				);
				GCC_SYMBOLS_PRIVATE_EXTERN = NO;
				GCC_WARN_64_TO_32_BIT_CONVERSION = YES;
				GCC_WARN_ABOUT_RETURN_TYPE = YES_ERROR;
				GCC_WARN_UNDECLARED_SELECTOR = YES;
				GCC_WARN_UNINITIALIZED_AUTOS = YES_AGGRESSIVE;
				GCC_WARN_UNUSED_FUNCTION = YES;
				GCC_WARN_UNUSED_VARIABLE = YES;
				IPHONEOS_DEPLOYMENT_TARGET = 8.0;
				MTL_ENABLE_DEBUG_INFO = YES;
				ONLY_ACTIVE_ARCH = YES;
				SDKROOT = iphoneos;
				SWIFT_OPTIMIZATION_LEVEL = "-Onone";
			};
			name = Debug;
		};
		ED6A800619C4A49100D1A0EB /* Release */ = {
			isa = XCBuildConfiguration;
			buildSettings = {
				ALWAYS_SEARCH_USER_PATHS = NO;
				CLANG_CXX_LANGUAGE_STANDARD = "gnu++0x";
				CLANG_CXX_LIBRARY = "libc++";
				CLANG_ENABLE_MODULES = YES;
				CLANG_ENABLE_OBJC_ARC = YES;
				CLANG_WARN_BOOL_CONVERSION = YES;
				CLANG_WARN_CONSTANT_CONVERSION = YES;
				CLANG_WARN_DIRECT_OBJC_ISA_USAGE = YES_ERROR;
				CLANG_WARN_EMPTY_BODY = YES;
				CLANG_WARN_ENUM_CONVERSION = YES;
				CLANG_WARN_INT_CONVERSION = YES;
				CLANG_WARN_OBJC_ROOT_CLASS = YES_ERROR;
				CLANG_WARN_UNREACHABLE_CODE = YES;
				CLANG_WARN__DUPLICATE_METHOD_MATCH = YES;
				"CODE_SIGN_IDENTITY[sdk=iphoneos*]" = "iPhone Developer";
				COPY_PHASE_STRIP = YES;
				ENABLE_NS_ASSERTIONS = NO;
				ENABLE_STRICT_OBJC_MSGSEND = YES;
				GCC_C_LANGUAGE_STANDARD = gnu99;
				GCC_WARN_64_TO_32_BIT_CONVERSION = YES;
				GCC_WARN_ABOUT_RETURN_TYPE = YES_ERROR;
				GCC_WARN_UNDECLARED_SELECTOR = YES;
				GCC_WARN_UNINITIALIZED_AUTOS = YES_AGGRESSIVE;
				GCC_WARN_UNUSED_FUNCTION = YES;
				GCC_WARN_UNUSED_VARIABLE = YES;
				IPHONEOS_DEPLOYMENT_TARGET = 8.0;
				MTL_ENABLE_DEBUG_INFO = NO;
				SDKROOT = iphoneos;
				VALIDATE_PRODUCT = YES;
			};
			name = Release;
		};
		ED6A800819C4A49100D1A0EB /* Debug */ = {
			isa = XCBuildConfiguration;
			buildSettings = {
				ASSETCATALOG_COMPILER_APPICON_NAME = AppIcon;
				INFOPLIST_FILE = Postcard/Info.plist;
				LD_RUNPATH_SEARCH_PATHS = "$(inherited) @executable_path/Frameworks";
				PRODUCT_NAME = "$(TARGET_NAME)";
			};
			name = Debug;
		};
		ED6A800919C4A49100D1A0EB /* Release */ = {
			isa = XCBuildConfiguration;
			buildSettings = {
				ASSETCATALOG_COMPILER_APPICON_NAME = AppIcon;
				INFOPLIST_FILE = Postcard/Info.plist;
				LD_RUNPATH_SEARCH_PATHS = "$(inherited) @executable_path/Frameworks";
				PRODUCT_NAME = "$(TARGET_NAME)";
			};
			name = Release;
		};
		ED6A800B19C4A49100D1A0EB /* Debug */ = {
			isa = XCBuildConfiguration;
			buildSettings = {
				BUNDLE_LOADER = "$(TEST_HOST)";
				FRAMEWORK_SEARCH_PATHS = (
					"$(SDKROOT)/Developer/Library/Frameworks",
					"$(inherited)",
				);
				GCC_PREPROCESSOR_DEFINITIONS = (
					"DEBUG=1",
					"$(inherited)",
				);
				INFOPLIST_FILE = PostcardTests/Info.plist;
				LD_RUNPATH_SEARCH_PATHS = "$(inherited) @executable_path/Frameworks @loader_path/Frameworks";
				PRODUCT_NAME = "$(TARGET_NAME)";
				TEST_HOST = "$(BUILT_PRODUCTS_DIR)/Postcard.app/Postcard";
			};
			name = Debug;
		};
		ED6A800C19C4A49100D1A0EB /* Release */ = {
			isa = XCBuildConfiguration;
			buildSettings = {
				BUNDLE_LOADER = "$(TEST_HOST)";
				FRAMEWORK_SEARCH_PATHS = (
					"$(SDKROOT)/Developer/Library/Frameworks",
					"$(inherited)",
				);
				INFOPLIST_FILE = PostcardTests/Info.plist;
				LD_RUNPATH_SEARCH_PATHS = "$(inherited) @executable_path/Frameworks @loader_path/Frameworks";
				PRODUCT_NAME = "$(TARGET_NAME)";
				TEST_HOST = "$(BUILT_PRODUCTS_DIR)/Postcard.app/Postcard";
			};
			name = Release;
		};
/* End XCBuildConfiguration section */

/* Begin XCConfigurationList section */
		ED6A7FE319C4A49100D1A0EB /* Build configuration list for PBXProject "Postcard" */ = {
			isa = XCConfigurationList;
			buildConfigurations = (
				ED6A800519C4A49100D1A0EB /* Debug */,
				ED6A800619C4A49100D1A0EB /* Release */,
			);
			defaultConfigurationIsVisible = 0;
			defaultConfigurationName = Release;
		};
		ED6A800719C4A49100D1A0EB /* Build configuration list for PBXNativeTarget "Postcard" */ = {
			isa = XCConfigurationList;
			buildConfigurations = (
				ED6A800819C4A49100D1A0EB /* Debug */,
				ED6A800919C4A49100D1A0EB /* Release */,
			);
			defaultConfigurationIsVisible = 0;
		};
		ED6A800A19C4A49100D1A0EB /* Build configuration list for PBXNativeTarget "PostcardTests" */ = {
			isa = XCConfigurationList;
			buildConfigurations = (
				ED6A800B19C4A49100D1A0EB /* Debug */,
				ED6A800C19C4A49100D1A0EB /* Release */,
			);
			defaultConfigurationIsVisible = 0;
		};
/* End XCConfigurationList section */
	};
	rootObject = ED6A7FE019C4A49100D1A0EB /* Project object */;
}
